
Microsoft Visual Studio Solution File, Format Version 12.00
# Visual Studio Version 17
VisualStudioVersion = 17.6.33829.357
MinimumVisualStudioVersion = 10.0.40219.1
Project("{9A19103F-16F7-4668-BE54-9A1E7A4F7556}") = "App.DAL", "App.DAL\App.DAL.csproj", "{3CFD0D39-2180-45FA-8A11-19DB0D9ADB1B}"
EndProject
Project("{9A19103F-16F7-4668-BE54-9A1E7A4F7556}") = "App.BLL", "App.BLL\App.BLL.csproj", "{D7F668BF-1F4A-4B73-BF8E-A3DFB343178A}"
EndProject
Project("{9A19103F-16F7-4668-BE54-9A1E7A4F7556}") = "App.PL", "App.PL\App.PL.csproj", "{FB61B017-2975-4B73-8411-034B73F76B31}"
EndProject
Global
	GlobalSection(SolutionConfigurationPlatforms) = preSolution
		Debug|Any CPU = Debug|Any CPU
		Release|Any CPU = Release|Any CPU
	EndGlobalSection
	GlobalSection(ProjectConfigurationPlatforms) = postSolution
		{3CFD0D39-2180-45FA-8A11-19DB0D9ADB1B}.Debug|Any CPU.ActiveCfg = Debug|Any CPU
		{3CFD0D39-2180-45FA-8A11-19DB0D9ADB1B}.Debug|Any CPU.Build.0 = Debug|Any CPU
		{3CFD0D39-2180-45FA-8A11-19DB0D9ADB1B}.Release|Any CPU.ActiveCfg = Release|Any CPU
		{3CFD0D39-2180-45FA-8A11-19DB0D9ADB1B}.Release|Any CPU.Build.0 = Release|Any CPU
		{D7F668BF-1F4A-4B73-BF8E-A3DFB343178A}.Debug|Any CPU.ActiveCfg = Debug|Any CPU
		{D7F668BF-1F4A-4B73-BF8E-A3DFB343178A}.Debug|Any CPU.Build.0 = Debug|Any CPU
		{D7F668BF-1F4A-4B73-BF8E-A3DFB343178A}.Release|Any CPU.ActiveCfg = Release|Any CPU
		{D7F668BF-1F4A-4B73-BF8E-A3DFB343178A}.Release|Any CPU.Build.0 = Release|Any CPU
		{FB61B017-2975-4B73-8411-034B73F76B31}.Debug|Any CPU.ActiveCfg = Debug|Any CPU
		{FB61B017-2975-4B73-8411-034B73F76B31}.Debug|Any CPU.Build.0 = Debug|Any CPU
		{FB61B017-2975-4B73-8411-034B73F76B31}.Release|Any CPU.ActiveCfg = Release|Any CPU
		{FB61B017-2975-4B73-8411-034B73F76B31}.Release|Any CPU.Build.0 = Release|Any CPU
	EndGlobalSection
	GlobalSection(SolutionProperties) = preSolution
		HideSolutionNode = FALSE
	EndGlobalSection
	GlobalSection(ExtensibilityGlobals) = postSolution
		SolutionGuid = {8B09154B-FD5D-4100-A033-9213E4EDBF5E}
	EndGlobalSection
EndGlobal
